Microsoft Visual Studio Solution File, Format Version 12.00
# Visual Studio Version 16
VisualStudioVersion = 16.0.30804.86
MinimumVisualStudioVersion = 15.0.26124.0
Project("{9A19103F-16F7-4668-BE54-9A1E7A4F7556}") = "ProductCatalog", "ProductCatalog.csproj", "{DA5AFE5F-44EA-446D-949A-C54B24ACB7E7}"
EndProject
Project("{2150E333-8FDC-42A3-9474-1A3956D46DE8}") = "Solution Items", "Solution Items", "{CD058DFD-7E41-48F1-9B95-83D0163DD8EB}"
EndProject
Project("{2150E333-8FDC-42A3-9474-1A3956D46DE8}") = "0 - Presentation", "0 - Presentation", "{8E3DD6CE-2DC5-4B5E-8859-EB2F9FF5DAF8}"
EndProject
Project("{2150E333-8FDC-42A3-9474-1A3956D46DE8}") = "1 - Application", "1 - Application", "{37DBDAFF-5C4F-4ADA-9DF3-E4742FDD6EE9}"
EndProject
Project("{2150E333-8FDC-42A3-9474-1A3956D46DE8}") = "2 - Domain", "2 - Domain", "{9AC7BB77-755C-4A97-98EB-63BE6A4E3021}"
EndProject
Project("{2150E333-8FDC-42A3-9474-1A3956D46DE8}") = "3 - Infra", "3 - Infra", "{9CC20654-A8B1-4656-A86F-486D15E4B455}"
EndProject
Project("{FAE04EC0-301F-11D3-BF4B-00C04F79EFBC}") = "ProductCatalog.Application", "..\ProductCatalog.Application\ProductCatalog.Application.csproj", "{E3CC8BA4-D7FF-425B-9A2C-9C6415E155D2}"
EndProject
Project("{FAE04EC0-301F-11D3-BF4B-00C04F79EFBC}") = "ProductCatalog.Domain", "..\ProductCatalog.Domain\ProductCatalog.Domain.csproj", "{8B67DFA7-0673-42F7-BB22-0A0A7F568E33}"
EndProject
Project("{FAE04EC0-301F-11D3-BF4B-00C04F79EFBC}") = "ProductCatalog.Repository", "..\ProductCatalog.Repository\ProductCatalog.Repository.csproj", "{CE7CC8E2-0918-4A57-92F4-33483D10182D}"
EndProject
Project("{FAE04EC0-301F-11D3-BF4B-00C04F79EFBC}") = "ProductCatagalog.Data", "..\ProductCatagalog.Data\ProductCatagalog.Data.csproj", "{37FDB82B-91B8-437B-8FF9-5B0FAD6D611D}"
EndProject
Global
	GlobalSection(SolutionConfigurationPlatforms) = preSolution
		Debug|Any CPU = Debug|Any CPU
		Debug|x64 = Debug|x64
		Debug|x86 = Debug|x86
		Release|Any CPU = Release|Any CPU
		Release|x64 = Release|x64
		Release|x86 = Release|x86
	EndGlobalSection
	GlobalSection(ProjectConfigurationPlatforms) = postSolution
		{DA5AFE5F-44EA-446D-949A-C54B24ACB7E7}.Debug|Any CPU.ActiveCfg = Debug|Any CPU
		{DA5AFE5F-44EA-446D-949A-C54B24ACB7E7}.Debug|Any CPU.Build.0 = Debug|Any CPU
		{DA5AFE5F-44EA-446D-949A-C54B24ACB7E7}.Debug|x64.ActiveCfg = Debug|x64
		{DA5AFE5F-44EA-446D-949A-C54B24ACB7E7}.Debug|x64.Build.0 = Debug|x64
		{DA5AFE5F-44EA-446D-949A-C54B24ACB7E7}.Debug|x86.ActiveCfg = Debug|x86
		{DA5AFE5F-44EA-446D-949A-C54B24ACB7E7}.Debug|x86.Build.0 = Debug|x86
		{DA5AFE5F-44EA-446D-949A-C54B24ACB7E7}.Release|Any CPU.ActiveCfg = Release|Any CPU
		{DA5AFE5F-44EA-446D-949A-C54B24ACB7E7}.Release|Any CPU.Build.0 = Release|Any CPU
		{DA5AFE5F-44EA-446D-949A-C54B24ACB7E7}.Release|x64.ActiveCfg = Release|x64
		{DA5AFE5F-44EA-446D-949A-C54B24ACB7E7}.Release|x64.Build.0 = Release|x64
		{DA5AFE5F-44EA-446D-949A-C54B24ACB7E7}.Release|x86.ActiveCfg = Release|x86
		{DA5AFE5F-44EA-446D-949A-C54B24ACB7E7}.Release|x86.Build.0 = Release|x86
		{E3CC8BA4-D7FF-425B-9A2C-9C6415E155D2}.Debug|Any CPU.ActiveCfg = Debug|Any CPU
		{E3CC8BA4-D7FF-425B-9A2C-9C6415E155D2}.Debug|Any CPU.Build.0 = Debug|Any CPU
		{E3CC8BA4-D7FF-425B-9A2C-9C6415E155D2}.Debug|x64.ActiveCfg = Debug|Any CPU
		{E3CC8BA4-D7FF-425B-9A2C-9C6415E155D2}.Debug|x64.Build.0 = Debug|Any CPU
		{E3CC8BA4-D7FF-425B-9A2C-9C6415E155D2}.Debug|x86.ActiveCfg = Debug|Any CPU
		{E3CC8BA4-D7FF-425B-9A2C-9C6415E155D2}.Debug|x86.Build.0 = Debug|Any CPU
		{E3CC8BA4-D7FF-425B-9A2C-9C6415E155D2}.Release|Any CPU.ActiveCfg = Release|Any CPU
		{E3CC8BA4-D7FF-425B-9A2C-9C6415E155D2}.Release|Any CPU.Build.0 = Release|Any CPU
		{E3CC8BA4-D7FF-425B-9A2C-9C6415E155D2}.Release|x64.ActiveCfg = Release|Any CPU
		{E3CC8BA4-D7FF-425B-9A2C-9C6415E155D2}.Release|x64.Build.0 = Release|Any CPU
		{E3CC8BA4-D7FF-425B-9A2C-9C6415E155D2}.Release|x86.ActiveCfg = Release|Any CPU
		{E3CC8BA4-D7FF-425B-9A2C-9C6415E155D2}.Release|x86.Build.0 = Release|Any CPU
		{8B67DFA7-0673-42F7-BB22-0A0A7F568E33}.Debug|Any CPU.ActiveCfg = Debug|Any CPU
		{8B67DFA7-0673-42F7-BB22-0A0A7F568E33}.Debug|Any CPU.Build.0 = Debug|Any CPU
		{8B67DFA7-0673-42F7-BB22-0A0A7F568E33}.Debug|x64.ActiveCfg = Debug|Any CPU
		{8B67DFA7-0673-42F7-BB22-0A0A7F568E33}.Debug|x64.Build.0 = Debug|Any CPU
		{8B67DFA7-0673-42F7-BB22-0A0A7F568E33}.Debug|x86.ActiveCfg = Debug|Any CPU
		{8B67DFA7-0673-42F7-BB22-0A0A7F568E33}.Debug|x86.Build.0 = Debug|Any CPU
		{8B67DFA7-0673-42F7-BB22-0A0A7F568E33}.Release|Any CPU.ActiveCfg = Release|Any CPU
		{8B67DFA7-0673-42F7-BB22-0A0A7F568E33}.Release|Any CPU.Build.0 = Release|Any CPU
		{8B67DFA7-0673-42F7-BB22-0A0A7F568E33}.Release|x64.ActiveCfg = Release|Any CPU
		{8B67DFA7-0673-42F7-BB22-0A0A7F568E33}.Release|x64.Build.0 = Release|Any CPU
		{8B67DFA7-0673-42F7-BB22-0A0A7F568E33}.Release|x86.ActiveCfg = Release|Any CPU
		{8B67DFA7-0673-42F7-BB22-0A0A7F568E33}.Release|x86.Build.0 = Release|Any CPU
		{CE7CC8E2-0918-4A57-92F4-33483D10182D}.Debug|Any CPU.ActiveCfg = Debug|Any CPU
		{CE7CC8E2-0918-4A57-92F4-33483D10182D}.Debug|Any CPU.Build.0 = Debug|Any CPU
		{CE7CC8E2-0918-4A57-92F4-33483D10182D}.Debug|x64.ActiveCfg = Debug|Any CPU
		{CE7CC8E2-0918-4A57-92F4-33483D10182D}.Debug|x64.Build.0 = Debug|Any CPU
		{CE7CC8E2-0918-4A57-92F4-33483D10182D}.Debug|x86.ActiveCfg = Debug|Any CPU
		{CE7CC8E2-0918-4A57-92F4-33483D10182D}.Debug|x86.Build.0 = Debug|Any CPU
		{CE7CC8E2-0918-4A57-92F4-33483D10182D}.Release|Any CPU.ActiveCfg = Release|Any CPU
		{CE7CC8E2-0918-4A57-92F4-33483D10182D}.Release|Any CPU.Build.0 = Release|Any CPU
		{CE7CC8E2-0918-4A57-92F4-33483D10182D}.Release|x64.ActiveCfg = Release|Any CPU
		{CE7CC8E2-0918-4A57-92F4-33483D10182D}.Release|x64.Build.0 = Release|Any CPU
		{CE7CC8E2-0918-4A57-92F4-33483D10182D}.Release|x86.ActiveCfg = Release|Any CPU
		{CE7CC8E2-0918-4A57-92F4-33483D10182D}.Release|x86.Build.0 = Release|Any CPU
		{37FDB82B-91B8-437B-8FF9-5B0FAD6D611D}.Debug|Any CPU.ActiveCfg = Debug|Any CPU
		{37FDB82B-91B8-437B-8FF9-5B0FAD6D611D}.Debug|Any CPU.Build.0 = Debug|Any CPU
		{37FDB82B-91B8-437B-8FF9-5B0FAD6D611D}.Debug|x64.ActiveCfg = Debug|Any CPU
		{37FDB82B-91B8-437B-8FF9-5B0FAD6D611D}.Debug|x64.Build.0 = Debug|Any CPU
		{37FDB82B-91B8-437B-8FF9-5B0FAD6D611D}.Debug|x86.ActiveCfg = Debug|Any CPU
		{37FDB82B-91B8-437B-8FF9-5B0FAD6D611D}.Debug|x86.Build.0 = Debug|Any CPU
		{37FDB82B-91B8-437B-8FF9-5B0FAD6D611D}.Release|Any CPU.ActiveCfg = Release|Any CPU
		{37FDB82B-91B8-437B-8FF9-5B0FAD6D611D}.Release|Any CPU.Build.0 = Release|Any CPU
		{37FDB82B-91B8-437B-8FF9-5B0FAD6D611D}.Release|x64.ActiveCfg = Release|Any CPU
		{37FDB82B-91B8-437B-8FF9-5B0FAD6D611D}.Release|x64.Build.0 = Release|Any CPU
		{37FDB82B-91B8-437B-8FF9-5B0FAD6D611D}.Release|x86.ActiveCfg = Release|Any CPU
		{37FDB82B-91B8-437B-8FF9-5B0FAD6D611D}.Release|x86.Build.0 = Release|Any CPU
	EndGlobalSection
	GlobalSection(SolutionProperties) = preSolution
		HideSolutionNode = FALSE
	EndGlobalSection
	GlobalSection(NestedProjects) = preSolution
		{DA5AFE5F-44EA-446D-949A-C54B24ACB7E7} = {8E3DD6CE-2DC5-4B5E-8859-EB2F9FF5DAF8}
		{E3CC8BA4-D7FF-425B-9A2C-9C6415E155D2} = {37DBDAFF-5C4F-4ADA-9DF3-E4742FDD6EE9}
		{8B67DFA7-0673-42F7-BB22-0A0A7F568E33} = {9AC7BB77-755C-4A97-98EB-63BE6A4E3021}
		{CE7CC8E2-0918-4A57-92F4-33483D10182D} = {9CC20654-A8B1-4656-A86F-486D15E4B455}
		{37FDB82B-91B8-437B-8FF9-5B0FAD6D611D} = {9CC20654-A8B1-4656-A86F-486D15E4B455}
	EndGlobalSection
	GlobalSection(ExtensibilityGlobals) = postSolution
		SolutionGuid = {45141661-3565-4946-8B4F-FDDB123AB581}
	EndGlobalSection
EndGlobal
